// !$*UTF8*$!
{
	archiveVersion = 1;
	classes = {
	};
	objectVersion = 56;
	objects = {

/* Begin PBXFileReference section */
		5D9EDE5B2A53021B00BB17A5 /* Array_List_Sum_To_Target.cpp */ = {isa = PBXFileReference; lastKnownFileType = sourcecode.cpp.cpp; path = Array_List_Sum_To_Target.cpp; sourceTree = "<group>"; };
		5D9EDE5C2A5302C600BB17A5 /* palidrome_number.cpp */ = {isa = PBXFileReference; lastKnownFileType = sourcecode.cpp.cpp; path = palidrome_number.cpp; sourceTree = "<group>"; };
/* End PBXFileReference section */

/* Begin PBXGroup section */
		5D9EDE542A5301D300BB17A5 = {
			isa = PBXGroup;
			children = (
				5D9EDE5B2A53021B00BB17A5 /* Array_List_Sum_To_Target.cpp */,
				5D9EDE5C2A5302C600BB17A5 /* palidrome_number.cpp */,
			);
			sourceTree = "<group>";
		};
/* End PBXGroup section */

/* Begin PBXProject section */
		5D9EDE552A5301D300BB17A5 /* Project object */ = {
			isa = PBXProject;
			attributes = {
				BuildIndependentTargetsInParallel = 1;
				LastUpgradeCheck = 1430;
			};
			buildConfigurationList = 5D9EDE582A5301D300BB17A5 /* Build configuration list for PBXProject "Leet_Code_Examples" */;
			compatibilityVersion = "Xcode 14.0";
			developmentRegion = en;
			hasScannedForEncodings = 0;
			knownRegions = (
				en,
				Base,
			);
			mainGroup = 5D9EDE542A5301D300BB17A5;
			projectDirPath = "";
			projectRoot = "";
			targets = (
			);
		};
/* End PBXProject section */

/* Begin XCBuildConfiguration section */
		5D9EDE592A5301D300BB17A5 /* Debug */ = {
			isa = XCBuildConfiguration;
			buildSettings = {
			};
			name = Debug;
		};
		5D9EDE5A2A5301D300BB17A5 /* Release */ = {
			isa = XCBuildConfiguration;
			buildSettings = {
			};
			name = Release;
		};
/* End XCBuildConfiguration section */

/* Begin XCConfigurationList section */
		5D9EDE582A5301D300BB17A5 /* Build configuration list for PBXProject "Leet_Code_Examples" */ = {
			isa = XCConfigurationList;
			buildConfigurations = (
				5D9EDE592A5301D300BB17A5 /* Debug */,
				5D9EDE5A2A5301D300BB17A5 /* Release */,
			);
			defaultConfigurationIsVisible = 0;
			defaultConfigurationName = Release;
		};
/* End XCConfigurationList section */
	};
	rootObject = 5D9EDE552A5301D300BB17A5 /* Project object */;
}
